{
  "nodes": {
    "dots": {
      "flake": false,
      "locked": {
        "lastModified": 1693163230,
        "narHash": "sha256-8jWt5TG11DEAqVesSCh5MMi/z5f6M6tXwIHqmlUbkFc=",
        "owner": "name-snrl",
        "repo": "home",
        "rev": "e73a6aea3678cf7c791c7adf0a07844922d95c38",
        "type": "github"
      },
      "original": {
        "owner": "name-snrl",
        "repo": "home",
        "type": "github"
      }
    },
    "flake-compat": {
      "flake": false,
      "locked": {
        "lastModified": 1673956053,
        "narHash": "sha256-4gtG9iQuiKITOjNQQeQIpoIB6b16fm+504Ch3sNKLd8=",
        "owner": "edolstra",
        "repo": "flake-compat",
        "rev": "35bb57c0c8d8b62bbfd284272c928ceb64ddbde9",
        "type": "github"
      },
      "original": {
        "owner": "edolstra",
        "repo": "flake-compat",
        "type": "github"
      }
    },
    "flake-registry": {
      "flake": false,
      "locked": {
        "lastModified": 1692779116,
        "narHash": "sha256-erTXdDToRA8whxURoEgBGWj550vcUirO6adEFIjQ0M0=",
        "owner": "nixos",
        "repo": "flake-registry",
        "rev": "3f641cbae15d3c74370aa9b97fd0ac478a114305",
        "type": "github"
      },
      "original": {
        "owner": "nixos",
        "repo": "flake-registry",
        "type": "github"
      }
    },
    "flake-utils": {
      "inputs": {
        "systems": "systems"
      },
      "locked": {
        "lastModified": 1685518550,
        "narHash": "sha256-o2d0KcvaXzTrPRIo0kOLV0/QXHhDQ5DTi+OxcjO8xqY=",
        "owner": "numtide",
        "repo": "flake-utils",
        "rev": "a1720a10a6cfe8234c0e93907ffe81be440f4cef",
        "type": "github"
      },
      "original": {
        "owner": "numtide",
        "repo": "flake-utils",
        "type": "github"
      }
    },
    "graphite-gtk": {
      "flake": false,
      "locked": {
        "lastModified": 1691398599,
        "narHash": "sha256-42bTVEVDo3O0S2/zKJXaxN7F4VxTtGz0XcbHzXjz9gg=",
        "owner": "vinceliuice",
        "repo": "graphite-gtk-theme",
        "rev": "b2e9ce2f3358f34cf6f383f9c33d3f50584545cd",
        "type": "github"
      },
      "original": {
        "owner": "vinceliuice",
        "repo": "graphite-gtk-theme",
        "type": "github"
      }
    },
    "graphite-kde": {
      "flake": false,
      "locked": {
        "lastModified": 1692804419,
        "narHash": "sha256-940he7Jn51YZIXqVEydoK873gCjiLq5B0E+gyY7Mp9w=",
        "owner": "vinceliuice",
        "repo": "graphite-kde-theme",
        "rev": "bf6effd16cc56624103a11f43f1f6e398a296e89",
        "type": "github"
      },
      "original": {
        "owner": "vinceliuice",
        "repo": "graphite-kde-theme",
        "type": "github"
      }
    },
    "home-manager": {
      "inputs": {
        "nixpkgs": [
          "nixpkgs"
        ]
      },
      "locked": {
        "lastModified": 1693399033,
        "narHash": "sha256-yXhiMo8MnE86sGtPIHAKaLHhmhe8v9tqGGotlUgKJvY=",
        "owner": "nix-community",
        "repo": "home-manager",
        "rev": "f5c15668f9842dd4d5430787d6aa8a28a07f7c10",
        "type": "github"
      },
      "original": {
        "owner": "nix-community",
        "ref": "master",
        "repo": "home-manager",
        "type": "github"
      }
    },
    "interception-vimproved": {
      "flake": false,
      "locked": {
        "lastModified": 1675003598,
        "narHash": "sha256-1oaJtI+2/jr4eTxWe/9c+AI5VoLINkmbLpPHBvu1txQ=",
        "owner": "name-snrl",
        "repo": "interception-vimproved",
        "rev": "47c27414c25f0a3802790248a5fd003da27736a6",
        "type": "github"
      },
      "original": {
        "owner": "name-snrl",
        "repo": "interception-vimproved",
        "type": "github"
      }
    },
    "nixpkgs": {
      "locked": {
        "lastModified": 1693565476,
        "narHash": "sha256-ya00zHt7YbPo3ve/wNZ/6nts61xt7wK/APa6aZAfey0=",
        "owner": "nixos",
        "repo": "nixpkgs",
        "rev": "aa8aa7e2ea35ce655297e8322dc82bf77a31d04b",
        "type": "github"
      },
      "original": {
        "owner": "nixos",
        "ref": "nixos-unstable",
        "repo": "nixpkgs",
        "type": "github"
      }
    },
    "nixpkgs-croscore": {
      "locked": {
        "lastModified": 1680893028,
        "narHash": "sha256-m5MoAnI5y9Nh6aFeGitTGRUJ3dJ6GMS0LzH1pjh4ROI=",
        "owner": "NixOS",
        "repo": "nixpkgs",
        "rev": "a6ab4bfac4447bd550a5d20da282881136c31c4a",
        "type": "github"
      },
      "original": {
        "owner": "NixOS",
        "repo": "nixpkgs",
        "rev": "a6ab4bfac4447bd550a5d20da282881136c31c4a",
        "type": "github"
      }
    },
    "nixpkgs_2": {
      "locked": {
        "lastModified": 1692557222,
        "narHash": "sha256-TCOtZaioLf/jTEgfa+nyg0Nwq5Uc610Z+OFV75yUgGw=",
        "owner": "NixOS",
        "repo": "nixpkgs",
        "rev": "0b07d4957ee1bd7fd3bdfd12db5f361bd70175a6",
        "type": "github"
      },
      "original": {
        "owner": "NixOS",
        "ref": "nixpkgs-unstable",
        "repo": "nixpkgs",
        "type": "github"
      }
    },
    "nvim": {
      "locked": {
        "lastModified": 1695215051,
        "narHash": "sha256-beCrZ6chllAU+cnjn4O7q/DSKsQJWkWWphZiFI2n2Bk=",
        "owner": "name-snrl",
        "repo": "nvim",
        "rev": "cc8c0e5e103f5b2bfb8a4ac9c85874c27b49127b",
        "type": "github"
      },
      "original": {
        "owner": "name-snrl",
        "repo": "nvim",
        "type": "github"
      }
    },
    "nvim-nightly": {
      "inputs": {
        "flake-utils": "flake-utils",
        "nixpkgs": [
          "nixpkgs"
        ]
      },
      "locked": {
        "dir": "contrib",
        "lastModified": 1693394069,
        "narHash": "sha256-5G1zsrmwoMKx5Fa+RLLzHDvA9Bz8QaE2NtZwWGB3BSM=",
        "owner": "neovim",
        "repo": "neovim",
        "rev": "bec13cfcafe73d33ed707b690fd924b1f52241f8",
        "type": "github"
      },
      "original": {
        "dir": "contrib",
        "owner": "neovim",
        "repo": "neovim",
        "type": "github"
      }
    },
    "root": {
      "inputs": {
        "dots": "dots",
        "flake-registry": "flake-registry",
        "graphite-gtk": "graphite-gtk",
        "graphite-kde": "graphite-kde",
        "home-manager": "home-manager",
        "interception-vimproved": "interception-vimproved",
        "nixpkgs": "nixpkgs",
        "nvim": "nvim",
        "nvim-nightly": "nvim-nightly",
        "shlyupa": "shlyupa"
      }
    },
    "shlyupa": {
      "inputs": {
        "flake-compat": "flake-compat",
        "nixpkgs": "nixpkgs_2",
        "nixpkgs-croscore": "nixpkgs-croscore"
      },
      "locked": {
        "lastModified": 1692667113,
        "narHash": "sha256-t8/6lLiQ65HjkxTUfMoRoc9F5P1td8JoRc+5hm8hewk=",
        "owner": "ilya-fedin",
        "repo": "nur-repository",
        "rev": "bda685c761b735ac36b36b26422b8086cd4bf74b",
        "type": "github"
      },
      "original": {
        "owner": "ilya-fedin",
        "repo": "nur-repository",
        "type": "github"
      }
    },
    "systems": {
      "locked": {
        "lastModified": 1681028828,
        "narHash": "sha256-Vy1rq5AaRuLzOxct8nz4T6wlgyUR7zLU309k9mBC768=",
        "owner": "nix-systems",
        "repo": "default",
        "rev": "da67096a3b9bf56a91d16901293e51ba5b49a27e",
        "type": "github"
      },
      "original": {
        "owner": "nix-systems",
        "repo": "default",
        "type": "github"
      }
    }
  },
  "root": "root",
  "version": 7
}
