{
  "nodes": {
    "dots": {
      "flake": false,
      "locked": {
        "lastModified": 1687102410,
        "narHash": "sha256-gk5CZEjfsqKg+VDUilM13IqLLCzxwcnfZM5CM7k4B9c=",
        "owner": "name-snrl",
        "repo": "home",
        "rev": "fa8c370146b0362629c6744ad6395888d0ebaa8f",
        "type": "github"
      },
      "original": {
        "owner": "name-snrl",
        "repo": "home",
        "type": "github"
      }
    },
    "flake-compat": {
      "flake": false,
      "locked": {
        "lastModified": 1673956053,
        "narHash": "sha256-4gtG9iQuiKITOjNQQeQIpoIB6b16fm+504Ch3sNKLd8=",
        "owner": "edolstra",
        "repo": "flake-compat",
        "rev": "35bb57c0c8d8b62bbfd284272c928ceb64ddbde9",
        "type": "github"
      },
      "original": {
        "owner": "edolstra",
        "repo": "flake-compat",
        "type": "github"
      }
    },
    "flake-registry": {
      "flake": false,
      "locked": {
        "lastModified": 1682423975,
        "narHash": "sha256-zvOBrH3hwCedgpaWiOSHYSt+fgF/RhaJs8R5qOX6AYc=",
        "owner": "nixos",
        "repo": "flake-registry",
        "rev": "8054bfa00d60437297d670ab3296a117e7059a10",
        "type": "github"
      },
      "original": {
        "owner": "nixos",
        "repo": "flake-registry",
        "type": "github"
      }
    },
    "flake-utils": {
      "inputs": {
        "systems": "systems"
      },
      "locked": {
        "lastModified": 1685518550,
        "narHash": "sha256-o2d0KcvaXzTrPRIo0kOLV0/QXHhDQ5DTi+OxcjO8xqY=",
        "owner": "numtide",
        "repo": "flake-utils",
        "rev": "a1720a10a6cfe8234c0e93907ffe81be440f4cef",
        "type": "github"
      },
      "original": {
        "owner": "numtide",
        "repo": "flake-utils",
        "type": "github"
      }
    },
    "home-manager": {
      "inputs": {
        "nixpkgs": [
          "nixpkgs"
        ]
      },
      "locked": {
        "lastModified": 1687647343,
        "narHash": "sha256-1/o/i9KEFOBdlF9Cs04kBcqDFbYMt6W4SMqGa+QnnaI=",
        "owner": "nix-community",
        "repo": "home-manager",
        "rev": "0ee5ab611dc1fbb5180bd7d88d2aeb7841a4d179",
        "type": "github"
      },
      "original": {
        "owner": "nix-community",
        "ref": "master",
        "repo": "home-manager",
        "type": "github"
      }
    },
    "interception-vimproved": {
      "flake": false,
      "locked": {
        "lastModified": 1675003598,
        "narHash": "sha256-1oaJtI+2/jr4eTxWe/9c+AI5VoLINkmbLpPHBvu1txQ=",
        "owner": "name-snrl",
        "repo": "interception-vimproved",
        "rev": "47c27414c25f0a3802790248a5fd003da27736a6",
        "type": "github"
      },
      "original": {
        "owner": "name-snrl",
        "repo": "interception-vimproved",
        "type": "github"
      }
    },
    "nixpkgs": {
      "locked": {
        "lastModified": 1687681650,
        "narHash": "sha256-M2If+gRcfpmaJy/XbfSsRzLlPpoU4nr0NHnKKl50fd8=",
        "owner": "nixos",
        "repo": "nixpkgs",
        "rev": "1c9db9710cb23d60570ad4d7ab829c2d34403de3",
        "type": "github"
      },
      "original": {
        "owner": "nixos",
        "ref": "nixos-unstable",
        "repo": "nixpkgs",
        "type": "github"
      }
    },
    "nixpkgs-croscore": {
      "locked": {
        "lastModified": 1680893028,
        "narHash": "sha256-m5MoAnI5y9Nh6aFeGitTGRUJ3dJ6GMS0LzH1pjh4ROI=",
        "owner": "NixOS",
        "repo": "nixpkgs",
        "rev": "a6ab4bfac4447bd550a5d20da282881136c31c4a",
        "type": "github"
      },
      "original": {
        "owner": "NixOS",
        "repo": "nixpkgs",
        "rev": "a6ab4bfac4447bd550a5d20da282881136c31c4a",
        "type": "github"
      }
    },
    "nixpkgs_2": {
      "locked": {
        "lastModified": 1688829822,
        "narHash": "sha256-hv56yK1fPHPt7SU2DboxBtdSbIuv9nym7Dss7Cn2jic=",
        "owner": "NixOS",
        "repo": "nixpkgs",
        "rev": "ed6afb10dfdfc97b6bcf0703f1bad8118e9e961b",
        "type": "github"
      },
      "original": {
        "owner": "NixOS",
        "ref": "nixpkgs-unstable",
        "repo": "nixpkgs",
        "type": "github"
      }
    },
    "nvim": {
      "flake": false,
      "locked": {
        "lastModified": 1686953038,
        "narHash": "sha256-fw90H/fKgS7CIooehiZ2vSFZvKJgboAGNPVS8tg/G5Q=",
        "owner": "name-snrl",
        "repo": "nvim",
        "rev": "6c9ed387482868f7e30f566082163801559e670a",
        "type": "github"
      },
      "original": {
        "owner": "name-snrl",
        "repo": "nvim",
        "type": "github"
      }
    },
    "nvim-nightly": {
      "inputs": {
        "flake-utils": "flake-utils",
        "nixpkgs": [
          "nixpkgs"
        ]
      },
      "locked": {
        "dir": "contrib",
        "lastModified": 1687774753,
        "narHash": "sha256-WugvwIH5PtG9os+tkzbUlQJnNWP/cri3pYWbH49Edwk=",
        "owner": "neovim",
        "repo": "neovim",
        "rev": "0ca2d11c1f473d9924c261c9dbd4e38730932bb4",
        "type": "github"
      },
      "original": {
        "dir": "contrib",
        "owner": "neovim",
        "repo": "neovim",
        "type": "github"
      }
    },
    "root": {
      "inputs": {
        "dots": "dots",
        "flake-registry": "flake-registry",
        "home-manager": "home-manager",
        "interception-vimproved": "interception-vimproved",
        "nixpkgs": "nixpkgs",
        "nvim": "nvim",
        "nvim-nightly": "nvim-nightly",
        "shlyupa": "shlyupa"
      }
    },
    "shlyupa": {
      "inputs": {
        "flake-compat": "flake-compat",
        "nixpkgs": "nixpkgs_2",
        "nixpkgs-croscore": "nixpkgs-croscore"
      },
      "locked": {
        "lastModified": 1688862450,
        "narHash": "sha256-Hu6n0uXiwRgua69NdpFT3Y1R4pcpOv/djyJXys/xYa4=",
        "owner": "ilya-fedin",
        "repo": "nur-repository",
        "rev": "0e696899759158bc99d324dc56d848ffdda17554",
        "type": "github"
      },
      "original": {
        "owner": "ilya-fedin",
        "repo": "nur-repository",
        "type": "github"
      }
    },
    "systems": {
      "locked": {
        "lastModified": 1681028828,
        "narHash": "sha256-Vy1rq5AaRuLzOxct8nz4T6wlgyUR7zLU309k9mBC768=",
        "owner": "nix-systems",
        "repo": "default",
        "rev": "da67096a3b9bf56a91d16901293e51ba5b49a27e",
        "type": "github"
      },
      "original": {
        "owner": "nix-systems",
        "repo": "default",
        "type": "github"
      }
    }
  },
  "root": "root",
  "version": 7
}
